PODS:
  - SwiftyNavigationBar (5.1.2)

DEPENDENCIES:
  - SwiftyNavigationBar (from `../`)

EXTERNAL SOURCES:
  SwiftyNavigationBar:
    :path: "../"

SPEC CHECKSUMS:
  SwiftyNavigationBar: 121441eaa5bd4ce8378dca3401f89b2af850d191

PODFILE CHECKSUM: 484669623df81a9559e2aef142f1e16eac77e2fa

COCOAPODS: 1.9.1
