PODS:
  - SwiftyNavigationBar (1.0.6)

DEPENDENCIES:
  - SwiftyNavigationBar (from `../`)

EXTERNAL SOURCES:
  SwiftyNavigationBar:
    :path: "../"

SPEC CHECKSUMS:
  SwiftyNavigationBar: 428612c9b0cb6c42e3737df76b177ecfd9e2f5c3

PODFILE CHECKSUM: 484669623df81a9559e2aef142f1e16eac77e2fa

COCOAPODS: 1.6.0
